
Microsoft Visual Studio Solution File, Format Version 12.00
# Visual Studio 15
VisualStudioVersion = 15.0.26124.0
MinimumVisualStudioVersion = 15.0.26124.0
Project("{FAE04EC0-301F-11D3-BF4B-00C04F79EFBC}") = "API", "API\API.csproj", "{3EA7896E-1455-4CD0-A4EF-FDA2F6607B31}"
EndProject
Project("{FAE04EC0-301F-11D3-BF4B-00C04F79EFBC}") = "Core", "Core\Core.csproj", "{DCB30C6D-3A7B-43C6-88A6-C48D52852C52}"
EndProject
Project("{FAE04EC0-301F-11D3-BF4B-00C04F79EFBC}") = "Infrastructure", "Infrastructure\Infrastructure.csproj", "{76F9064B-8729-4A56-9DF7-F5A09686DFE7}"
EndProject
Global
	GlobalSection(SolutionConfigurationPlatforms) = preSolution
		Debug|Any CPU = Debug|Any CPU
		Debug|x64 = Debug|x64
		Debug|x86 = Debug|x86
		Release|Any CPU = Release|Any CPU
		Release|x64 = Release|x64
		Release|x86 = Release|x86
	EndGlobalSection
	GlobalSection(SolutionProperties) = preSolution
		HideSolutionNode = FALSE
	EndGlobalSection
	GlobalSection(ProjectConfigurationPlatforms) = postSolution
		{3EA7896E-1455-4CD0-A4EF-FDA2F6607B31}.Debug|Any CPU.ActiveCfg = Debug|Any CPU
		{3EA7896E-1455-4CD0-A4EF-FDA2F6607B31}.Debug|Any CPU.Build.0 = Debug|Any CPU
		{3EA7896E-1455-4CD0-A4EF-FDA2F6607B31}.Debug|x64.ActiveCfg = Debug|Any CPU
		{3EA7896E-1455-4CD0-A4EF-FDA2F6607B31}.Debug|x64.Build.0 = Debug|Any CPU
		{3EA7896E-1455-4CD0-A4EF-FDA2F6607B31}.Debug|x86.ActiveCfg = Debug|Any CPU
		{3EA7896E-1455-4CD0-A4EF-FDA2F6607B31}.Debug|x86.Build.0 = Debug|Any CPU
		{3EA7896E-1455-4CD0-A4EF-FDA2F6607B31}.Release|Any CPU.ActiveCfg = Release|Any CPU
		{3EA7896E-1455-4CD0-A4EF-FDA2F6607B31}.Release|Any CPU.Build.0 = Release|Any CPU
		{3EA7896E-1455-4CD0-A4EF-FDA2F6607B31}.Release|x64.ActiveCfg = Release|Any CPU
		{3EA7896E-1455-4CD0-A4EF-FDA2F6607B31}.Release|x64.Build.0 = Release|Any CPU
		{3EA7896E-1455-4CD0-A4EF-FDA2F6607B31}.Release|x86.ActiveCfg = Release|Any CPU
		{3EA7896E-1455-4CD0-A4EF-FDA2F6607B31}.Release|x86.Build.0 = Release|Any CPU
		{DCB30C6D-3A7B-43C6-88A6-C48D52852C52}.Debug|Any CPU.ActiveCfg = Debug|Any CPU
		{DCB30C6D-3A7B-43C6-88A6-C48D52852C52}.Debug|Any CPU.Build.0 = Debug|Any CPU
		{DCB30C6D-3A7B-43C6-88A6-C48D52852C52}.Debug|x64.ActiveCfg = Debug|Any CPU
		{DCB30C6D-3A7B-43C6-88A6-C48D52852C52}.Debug|x64.Build.0 = Debug|Any CPU
		{DCB30C6D-3A7B-43C6-88A6-C48D52852C52}.Debug|x86.ActiveCfg = Debug|Any CPU
		{DCB30C6D-3A7B-43C6-88A6-C48D52852C52}.Debug|x86.Build.0 = Debug|Any CPU
		{DCB30C6D-3A7B-43C6-88A6-C48D52852C52}.Release|Any CPU.ActiveCfg = Release|Any CPU
		{DCB30C6D-3A7B-43C6-88A6-C48D52852C52}.Release|Any CPU.Build.0 = Release|Any CPU
		{DCB30C6D-3A7B-43C6-88A6-C48D52852C52}.Release|x64.ActiveCfg = Release|Any CPU
		{DCB30C6D-3A7B-43C6-88A6-C48D52852C52}.Release|x64.Build.0 = Release|Any CPU
		{DCB30C6D-3A7B-43C6-88A6-C48D52852C52}.Release|x86.ActiveCfg = Release|Any CPU
		{DCB30C6D-3A7B-43C6-88A6-C48D52852C52}.Release|x86.Build.0 = Release|Any CPU
		{76F9064B-8729-4A56-9DF7-F5A09686DFE7}.Debug|Any CPU.ActiveCfg = Debug|Any CPU
		{76F9064B-8729-4A56-9DF7-F5A09686DFE7}.Debug|Any CPU.Build.0 = Debug|Any CPU
		{76F9064B-8729-4A56-9DF7-F5A09686DFE7}.Debug|x64.ActiveCfg = Debug|Any CPU
		{76F9064B-8729-4A56-9DF7-F5A09686DFE7}.Debug|x64.Build.0 = Debug|Any CPU
		{76F9064B-8729-4A56-9DF7-F5A09686DFE7}.Debug|x86.ActiveCfg = Debug|Any CPU
		{76F9064B-8729-4A56-9DF7-F5A09686DFE7}.Debug|x86.Build.0 = Debug|Any CPU
		{76F9064B-8729-4A56-9DF7-F5A09686DFE7}.Release|Any CPU.ActiveCfg = Release|Any CPU
		{76F9064B-8729-4A56-9DF7-F5A09686DFE7}.Release|Any CPU.Build.0 = Release|Any CPU
		{76F9064B-8729-4A56-9DF7-F5A09686DFE7}.Release|x64.ActiveCfg = Release|Any CPU
		{76F9064B-8729-4A56-9DF7-F5A09686DFE7}.Release|x64.Build.0 = Release|Any CPU
		{76F9064B-8729-4A56-9DF7-F5A09686DFE7}.Release|x86.ActiveCfg = Release|Any CPU
		{76F9064B-8729-4A56-9DF7-F5A09686DFE7}.Release|x86.Build.0 = Release|Any CPU
	EndGlobalSection
EndGlobal
